
Microsoft Visual Studio Solution File, Format Version 12.00
# Visual Studio Version 17
VisualStudioVersion = 17.3.32819.101
MinimumVisualStudioVersion = 10.0.40219.1
Project("{FAE04EC0-301F-11D3-BF4B-00C04F79EFBC}") = "Client", "Client\Client.csproj", "{748F2A42-955B-4C9B-A034-2EC4FBFF0C5C}"
EndProject
Project("{FAE04EC0-301F-11D3-BF4B-00C04F79EFBC}") = "Server", "Server\Server.csproj", "{7ADAC11A-DA9D-4896-8BE6-5EFAEFBA7749}"
EndProject
Global
	GlobalSection(SolutionConfigurationPlatforms) = preSolution
		Debug|Any CPU = Debug|Any CPU
		Release|Any CPU = Release|Any CPU
	EndGlobalSection
	GlobalSection(ProjectConfigurationPlatforms) = postSolution
		{748F2A42-955B-4C9B-A034-2EC4FBFF0C5C}.Debug|Any CPU.ActiveCfg = Debug|Any CPU
		{748F2A42-955B-4C9B-A034-2EC4FBFF0C5C}.Debug|Any CPU.Build.0 = Debug|Any CPU
		{748F2A42-955B-4C9B-A034-2EC4FBFF0C5C}.Release|Any CPU.ActiveCfg = Release|Any CPU
		{748F2A42-955B-4C9B-A034-2EC4FBFF0C5C}.Release|Any CPU.Build.0 = Release|Any CPU
		{7ADAC11A-DA9D-4896-8BE6-5EFAEFBA7749}.Debug|Any CPU.ActiveCfg = Debug|Any CPU
		{7ADAC11A-DA9D-4896-8BE6-5EFAEFBA7749}.Debug|Any CPU.Build.0 = Debug|Any CPU
		{7ADAC11A-DA9D-4896-8BE6-5EFAEFBA7749}.Release|Any CPU.ActiveCfg = Release|Any CPU
		{7ADAC11A-DA9D-4896-8BE6-5EFAEFBA7749}.Release|Any CPU.Build.0 = Release|Any CPU
	EndGlobalSection
	GlobalSection(SolutionProperties) = preSolution
		HideSolutionNode = FALSE
	EndGlobalSection
	GlobalSection(ExtensibilityGlobals) = postSolution
		SolutionGuid = {F0E2A05E-2B6B-4735-AF4A-6D622BCECB55}
	EndGlobalSection
EndGlobal
